// !$*UTF8*$!
{
	archiveVersion = 1;
	classes = {
	};
	objectVersion = 50;
	objects = {

/* Begin PBXBuildFile section */
		C53809FC23C0CEAA00BEC746 /* DLinkedListMain.c in Sources */ = {isa = PBXBuildFile; fileRef = C53809FB23C0CEAA00BEC746 /* DLinkedListMain.c */; };
		C5380A0423C0E7D000BEC746 /* DLinkedList.c in Sources */ = {isa = PBXBuildFile; fileRef = C5380A0323C0E7D000BEC746 /* DLinkedList.c */; };
/* End PBXBuildFile section */

/* Begin PBXCopyFilesBuildPhase section */
		C53809F623C0CEAA00BEC746 /* CopyFiles */ = {
			isa = PBXCopyFilesBuildPhase;
			buildActionMask = 2147483647;
			dstPath = /usr/share/man/man1/;
			dstSubfolderSpec = 0;
			files = (
			);
			runOnlyForDeploymentPostprocessing = 1;
		};
/* End PBXCopyFilesBuildPhase section */

/* Begin PBXFileReference section */
		C53809F823C0CEAA00BEC746 /* DLi nkedList */ = {isa = PBXFileReference; explicitFileType = "compiled.mach-o.executable"; includeInIndex = 0; path = "DLi nkedList"; sourceTree = BUILT_PRODUCTS_DIR; };
		C53809FB23C0CEAA00BEC746 /* DLinkedListMain.c */ = {isa = PBXFileReference; lastKnownFileType = sourcecode.c.c; path = DLinkedListMain.c; sourceTree = "<group>"; };
		C5380A0223C0CECA00BEC746 /* DLinkedList.h */ = {isa = PBXFileReference; lastKnownFileType = sourcecode.c.h; path = DLinkedList.h; sourceTree = "<group>"; };
		C5380A0323C0E7D000BEC746 /* DLinkedList.c */ = {isa = PBXFileReference; lastKnownFileType = sourcecode.c.c; path = DLinkedList.c; sourceTree = "<group>"; };
/* End PBXFileReference section */

/* Begin PBXFrameworksBuildPhase section */
		C53809F523C0CEAA00BEC746 /* Frameworks */ = {
			isa = PBXFrameworksBuildPhase;
			buildActionMask = 2147483647;
			files = (
			);
			runOnlyForDeploymentPostprocessing = 0;
		};
/* End PBXFrameworksBuildPhase section */

/* Begin PBXGroup section */
		C53809EF23C0CEAA00BEC746 = {
			isa = PBXGroup;
			children = (
				C53809FA23C0CEAA00BEC746 /* DLi nkedList */,
				C53809F923C0CEAA00BEC746 /* Products */,
			);
			sourceTree = "<group>";
		};
		C53809F923C0CEAA00BEC746 /* Products */ = {
			isa = PBXGroup;
			children = (
				C53809F823C0CEAA00BEC746 /* DLi nkedList */,
			);
			name = Products;
			sourceTree = "<group>";
		};
		C53809FA23C0CEAA00BEC746 /* DLi nkedList */ = {
			isa = PBXGroup;
			children = (
				C53809FB23C0CEAA00BEC746 /* DLinkedListMain.c */,
				C5380A0223C0CECA00BEC746 /* DLinkedList.h */,
				C5380A0323C0E7D000BEC746 /* DLinkedList.c */,
			);
			path = "DLi nkedList";
			sourceTree = "<group>";
		};
/* End PBXGroup section */

/* Begin PBXNativeTarget section */
		C53809F723C0CEAA00BEC746 /* DLi nkedList */ = {
			isa = PBXNativeTarget;
			buildConfigurationList = C53809FF23C0CEAA00BEC746 /* Build configuration list for PBXNativeTarget "DLi nkedList" */;
			buildPhases = (
				C53809F423C0CEAA00BEC746 /* Sources */,
				C53809F523C0CEAA00BEC746 /* Frameworks */,
				C53809F623C0CEAA00BEC746 /* CopyFiles */,
			);
			buildRules = (
			);
			dependencies = (
			);
			name = "DLi nkedList";
			productName = "DLi nkedList";
			productReference = C53809F823C0CEAA00BEC746 /* DLi nkedList */;
			productType = "com.apple.product-type.tool";
		};
/* End PBXNativeTarget section */

/* Begin PBXProject section */
		C53809F023C0CEAA00BEC746 /* Project object */ = {
			isa = PBXProject;
			attributes = {
				LastUpgradeCheck = 1130;
				ORGANIZATIONNAME = "JIN YOUNG PARK";
				TargetAttributes = {
					C53809F723C0CEAA00BEC746 = {
						CreatedOnToolsVersion = 11.3;
					};
				};
			};
			buildConfigurationList = C53809F323C0CEAA00BEC746 /* Build configuration list for PBXProject "DLi nkedList" */;
			compatibilityVersion = "Xcode 9.3";
			developmentRegion = en;
			hasScannedForEncodings = 0;
			knownRegions = (
				en,
				Base,
			);
			mainGroup = C53809EF23C0CEAA00BEC746;
			productRefGroup = C53809F923C0CEAA00BEC746 /* Products */;
			projectDirPath = "";
			projectRoot = "";
			targets = (
				C53809F723C0CEAA00BEC746 /* DLi nkedList */,
			);
		};
/* End PBXProject section */

/* Begin PBXSourcesBuildPhase section */
		C53809F423C0CEAA00BEC746 /* Sources */ = {
			isa = PBXSourcesBuildPhase;
			buildActionMask = 2147483647;
			files = (
				C53809FC23C0CEAA00BEC746 /* DLinkedListMain.c in Sources */,
				C5380A0423C0E7D000BEC746 /* DLinkedList.c in Sources */,
			);
			runOnlyForDeploymentPostprocessing = 0;
		};
/* End PBXSourcesBuildPhase section */

/* Begin XCBuildConfiguration section */
		C53809FD23C0CEAA00BEC746 /* Debug */ = {
			isa = XCBuildConfiguration;
			buildSettings = {
				ALWAYS_SEARCH_USER_PATHS = NO;
				CLANG_ANALYZER_NONNULL = YES;
				CLANG_ANALYZER_NUMBER_OBJECT_CONVERSION = YES_AGGRESSIVE;
				CLANG_CXX_LANGUAGE_STANDARD = "gnu++14";
				CLANG_CXX_LIBRARY = "libc++";
				CLANG_ENABLE_MODULES = YES;
				CLANG_ENABLE_OBJC_ARC = YES;
				CLANG_ENABLE_OBJC_WEAK = YES;
				CLANG_WARN_BLOCK_CAPTURE_AUTORELEASING = YES;
				CLANG_WARN_BOOL_CONVERSION = YES;
				CLANG_WARN_COMMA = YES;
				CLANG_WARN_CONSTANT_CONVERSION = YES;
				CLANG_WARN_DEPRECATED_OBJC_IMPLEMENTATIONS = YES;
				CLANG_WARN_DIRECT_OBJC_ISA_USAGE = YES_ERROR;
				CLANG_WARN_DOCUMENTATION_COMMENTS = YES;
				CLANG_WARN_EMPTY_BODY = YES;
				CLANG_WARN_ENUM_CONVERSION = YES;
				CLANG_WARN_INFINITE_RECURSION = YES;
				CLANG_WARN_INT_CONVERSION = YES;
				CLANG_WARN_NON_LITERAL_NULL_CONVERSION = YES;
				CLANG_WARN_OBJC_IMPLICIT_RETAIN_SELF = YES;
				CLANG_WARN_OBJC_LITERAL_CONVERSION = YES;
				CLANG_WARN_OBJC_ROOT_CLASS = YES_ERROR;
				CLANG_WARN_RANGE_LOOP_ANALYSIS = YES;
				CLANG_WARN_STRICT_PROTOTYPES = YES;
				CLANG_WARN_SUSPICIOUS_MOVE = YES;
				CLANG_WARN_UNGUARDED_AVAILABILITY = YES_AGGRESSIVE;
				CLANG_WARN_UNREACHABLE_CODE = YES;
				CLANG_WARN__DUPLICATE_METHOD_MATCH = YES;
				COPY_PHASE_STRIP = NO;
				DEBUG_INFORMATION_FORMAT = dwarf;
				ENABLE_STRICT_OBJC_MSGSEND = YES;
				ENABLE_TESTABILITY = YES;
				GCC_C_LANGUAGE_STANDARD = gnu11;
				GCC_DYNAMIC_NO_PIC = NO;
				GCC_NO_COMMON_BLOCKS = YES;
				GCC_OPTIMIZATION_LEVEL = 0;
				GCC_PREPROCESSOR_DEFINITIONS = (
					"DEBUG=1",
					"$(inherited)",
				);
				GCC_WARN_64_TO_32_BIT_CONVERSION = YES;
				GCC_WARN_ABOUT_RETURN_TYPE = YES_ERROR;
				GCC_WARN_UNDECLARED_SELECTOR = YES;
				GCC_WARN_UNINITIALIZED_AUTOS = YES_AGGRESSIVE;
				GCC_WARN_UNUSED_FUNCTION = YES;
				GCC_WARN_UNUSED_VARIABLE = YES;
				MACOSX_DEPLOYMENT_TARGET = 10.15;
				MTL_ENABLE_DEBUG_INFO = INCLUDE_SOURCE;
				MTL_FAST_MATH = YES;
				ONLY_ACTIVE_ARCH = YES;
				SDKROOT = macosx;
			};
			name = Debug;
		};
		C53809FE23C0CEAA00BEC746 /* Release */ = {
			isa = XCBuildConfiguration;
			buildSettings = {
				ALWAYS_SEARCH_USER_PATHS = NO;
				CLANG_ANALYZER_NONNULL = YES;
				CLANG_ANALYZER_NUMBER_OBJECT_CONVERSION = YES_AGGRESSIVE;
				CLANG_CXX_LANGUAGE_STANDARD = "gnu++14";
				CLANG_CXX_LIBRARY = "libc++";
				CLANG_ENABLE_MODULES = YES;
				CLANG_ENABLE_OBJC_ARC = YES;
				CLANG_ENABLE_OBJC_WEAK = YES;
				CLANG_WARN_BLOCK_CAPTURE_AUTORELEASING = YES;
				CLANG_WARN_BOOL_CONVERSION = YES;
				CLANG_WARN_COMMA = YES;
				CLANG_WARN_CONSTANT_CONVERSION = YES;
				CLANG_WARN_DEPRECATED_OBJC_IMPLEMENTATIONS = YES;
				CLANG_WARN_DIRECT_OBJC_ISA_USAGE = YES_ERROR;
				CLANG_WARN_DOCUMENTATION_COMMENTS = YES;
				CLANG_WARN_EMPTY_BODY = YES;
				CLANG_WARN_ENUM_CONVERSION = YES;
				CLANG_WARN_INFINITE_RECURSION = YES;
				CLANG_WARN_INT_CONVERSION = YES;
				CLANG_WARN_NON_LITERAL_NULL_CONVERSION = YES;
				CLANG_WARN_OBJC_IMPLICIT_RETAIN_SELF = YES;
				CLANG_WARN_OBJC_LITERAL_CONVERSION = YES;
				CLANG_WARN_OBJC_ROOT_CLASS = YES_ERROR;
				CLANG_WARN_RANGE_LOOP_ANALYSIS = YES;
				CLANG_WARN_STRICT_PROTOTYPES = YES;
				CLANG_WARN_SUSPICIOUS_MOVE = YES;
				CLANG_WARN_UNGUARDED_AVAILABILITY = YES_AGGRESSIVE;
				CLANG_WARN_UNREACHABLE_CODE = YES;
				CLANG_WARN__DUPLICATE_METHOD_MATCH = YES;
				COPY_PHASE_STRIP = NO;
				DEBUG_INFORMATION_FORMAT = "dwarf-with-dsym";
				ENABLE_NS_ASSERTIONS = NO;
				ENABLE_STRICT_OBJC_MSGSEND = YES;
				GCC_C_LANGUAGE_STANDARD = gnu11;
				GCC_NO_COMMON_BLOCKS = YES;
				GCC_WARN_64_TO_32_BIT_CONVERSION = YES;
				GCC_WARN_ABOUT_RETURN_TYPE = YES_ERROR;
				GCC_WARN_UNDECLARED_SELECTOR = YES;
				GCC_WARN_UNINITIALIZED_AUTOS = YES_AGGRESSIVE;
				GCC_WARN_UNUSED_FUNCTION = YES;
				GCC_WARN_UNUSED_VARIABLE = YES;
				MACOSX_DEPLOYMENT_TARGET = 10.15;
				MTL_ENABLE_DEBUG_INFO = NO;
				MTL_FAST_MATH = YES;
				SDKROOT = macosx;
			};
			name = Release;
		};
		C5380A0023C0CEAA00BEC746 /* Debug */ = {
			isa = XCBuildConfiguration;
			buildSettings = {
				CODE_SIGN_STYLE = Automatic;
				PRODUCT_NAME = "$(TARGET_NAME)";
			};
			name = Debug;
		};
		C5380A0123C0CEAA00BEC746 /* Release */ = {
			isa = XCBuildConfiguration;
			buildSettings = {
				CODE_SIGN_STYLE = Automatic;
				PRODUCT_NAME = "$(TARGET_NAME)";
			};
			name = Release;
		};
/* End XCBuildConfiguration section */

/* Begin XCConfigurationList section */
		C53809F323C0CEAA00BEC746 /* Build configuration list for PBXProject "DLi nkedList" */ = {
			isa = XCConfigurationList;
			buildConfigurations = (
				C53809FD23C0CEAA00BEC746 /* Debug */,
				C53809FE23C0CEAA00BEC746 /* Release */,
			);
			defaultConfigurationIsVisible = 0;
			defaultConfigurationName = Release;
		};
		C53809FF23C0CEAA00BEC746 /* Build configuration list for PBXNativeTarget "DLi nkedList" */ = {
			isa = XCConfigurationList;
			buildConfigurations = (
				C5380A0023C0CEAA00BEC746 /* Debug */,
				C5380A0123C0CEAA00BEC746 /* Release */,
			);
			defaultConfigurationIsVisible = 0;
			defaultConfigurationName = Release;
		};
/* End XCConfigurationList section */
	};
	rootObject = C53809F023C0CEAA00BEC746 /* Project object */;
}
