// !$*UTF8*$!
{
	archiveVersion = 1;
	classes = {
	};
	objectVersion = 50;
	objects = {

/* Begin PBXBuildFile section */
		C52A33AA23D3C8740005BB73 /* main.c in Sources */ = {isa = PBXBuildFile; fileRef = C52A33A923D3C8740005BB73 /* main.c */; };
		C52A33B223D3C88E0005BB73 /* PostCalculator.c in Sources */ = {isa = PBXBuildFile; fileRef = C52A33B123D3C88E0005BB73 /* PostCalculator.c */; };
		C52A33B523D3C8FB0005BB73 /* ListBaseStack.c in Sources */ = {isa = PBXBuildFile; fileRef = C52A33B423D3C8FB0005BB73 /* ListBaseStack.c */; };
/* End PBXBuildFile section */

/* Begin PBXCopyFilesBuildPhase section */
		C52A33A423D3C8740005BB73 /* CopyFiles */ = {
			isa = PBXCopyFilesBuildPhase;
			buildActionMask = 2147483647;
			dstPath = /usr/share/man/man1/;
			dstSubfolderSpec = 0;
			files = (
			);
			runOnlyForDeploymentPostprocessing = 1;
		};
/* End PBXCopyFilesBuildPhase section */

/* Begin PBXFileReference section */
		C52A33A623D3C8740005BB73 /* PostCalculator */ = {isa = PBXFileReference; explicitFileType = "compiled.mach-o.executable"; includeInIndex = 0; path = PostCalculator; sourceTree = BUILT_PRODUCTS_DIR; };
		C52A33A923D3C8740005BB73 /* main.c */ = {isa = PBXFileReference; lastKnownFileType = sourcecode.c.c; path = main.c; sourceTree = "<group>"; };
		C52A33B023D3C88E0005BB73 /* PostCalculator.h */ = {isa = PBXFileReference; lastKnownFileType = sourcecode.c.h; path = PostCalculator.h; sourceTree = "<group>"; };
		C52A33B123D3C88E0005BB73 /* PostCalculator.c */ = {isa = PBXFileReference; lastKnownFileType = sourcecode.c.c; path = PostCalculator.c; sourceTree = "<group>"; };
		C52A33B323D3C8FB0005BB73 /* ListBaseStack.h */ = {isa = PBXFileReference; lastKnownFileType = sourcecode.c.h; path = ListBaseStack.h; sourceTree = "<group>"; };
		C52A33B423D3C8FB0005BB73 /* ListBaseStack.c */ = {isa = PBXFileReference; lastKnownFileType = sourcecode.c.c; path = ListBaseStack.c; sourceTree = "<group>"; };
/* End PBXFileReference section */

/* Begin PBXFrameworksBuildPhase section */
		C52A33A323D3C8740005BB73 /* Frameworks */ = {
			isa = PBXFrameworksBuildPhase;
			buildActionMask = 2147483647;
			files = (
			);
			runOnlyForDeploymentPostprocessing = 0;
		};
/* End PBXFrameworksBuildPhase section */

/* Begin PBXGroup section */
		C52A339D23D3C8740005BB73 = {
			isa = PBXGroup;
			children = (
				C52A33A823D3C8740005BB73 /* PostCalculator */,
				C52A33A723D3C8740005BB73 /* Products */,
			);
			sourceTree = "<group>";
		};
		C52A33A723D3C8740005BB73 /* Products */ = {
			isa = PBXGroup;
			children = (
				C52A33A623D3C8740005BB73 /* PostCalculator */,
			);
			name = Products;
			sourceTree = "<group>";
		};
		C52A33A823D3C8740005BB73 /* PostCalculator */ = {
			isa = PBXGroup;
			children = (
				C52A33A923D3C8740005BB73 /* main.c */,
				C52A33B023D3C88E0005BB73 /* PostCalculator.h */,
				C52A33B123D3C88E0005BB73 /* PostCalculator.c */,
				C52A33B323D3C8FB0005BB73 /* ListBaseStack.h */,
				C52A33B423D3C8FB0005BB73 /* ListBaseStack.c */,
			);
			path = PostCalculator;
			sourceTree = "<group>";
		};
/* End PBXGroup section */

/* Begin PBXNativeTarget section */
		C52A33A523D3C8740005BB73 /* PostCalculator */ = {
			isa = PBXNativeTarget;
			buildConfigurationList = C52A33AD23D3C8740005BB73 /* Build configuration list for PBXNativeTarget "PostCalculator" */;
			buildPhases = (
				C52A33A223D3C8740005BB73 /* Sources */,
				C52A33A323D3C8740005BB73 /* Frameworks */,
				C52A33A423D3C8740005BB73 /* CopyFiles */,
			);
			buildRules = (
			);
			dependencies = (
			);
			name = PostCalculator;
			productName = PostCalculator;
			productReference = C52A33A623D3C8740005BB73 /* PostCalculator */;
			productType = "com.apple.product-type.tool";
		};
/* End PBXNativeTarget section */

/* Begin PBXProject section */
		C52A339E23D3C8740005BB73 /* Project object */ = {
			isa = PBXProject;
			attributes = {
				LastUpgradeCheck = 1130;
				ORGANIZATIONNAME = "JIN YOUNG PARK";
				TargetAttributes = {
					C52A33A523D3C8740005BB73 = {
						CreatedOnToolsVersion = 11.3.1;
					};
				};
			};
			buildConfigurationList = C52A33A123D3C8740005BB73 /* Build configuration list for PBXProject "PostCalculator" */;
			compatibilityVersion = "Xcode 9.3";
			developmentRegion = en;
			hasScannedForEncodings = 0;
			knownRegions = (
				en,
				Base,
			);
			mainGroup = C52A339D23D3C8740005BB73;
			productRefGroup = C52A33A723D3C8740005BB73 /* Products */;
			projectDirPath = "";
			projectRoot = "";
			targets = (
				C52A33A523D3C8740005BB73 /* PostCalculator */,
			);
		};
/* End PBXProject section */

/* Begin PBXSourcesBuildPhase section */
		C52A33A223D3C8740005BB73 /* Sources */ = {
			isa = PBXSourcesBuildPhase;
			buildActionMask = 2147483647;
			files = (
				C52A33AA23D3C8740005BB73 /* main.c in Sources */,
				C52A33B223D3C88E0005BB73 /* PostCalculator.c in Sources */,
				C52A33B523D3C8FB0005BB73 /* ListBaseStack.c in Sources */,
			);
			runOnlyForDeploymentPostprocessing = 0;
		};
/* End PBXSourcesBuildPhase section */

/* Begin XCBuildConfiguration section */
		C52A33AB23D3C8740005BB73 /* Debug */ = {
			isa = XCBuildConfiguration;
			buildSettings = {
				ALWAYS_SEARCH_USER_PATHS = NO;
				CLANG_ANALYZER_NONNULL = YES;
				CLANG_ANALYZER_NUMBER_OBJECT_CONVERSION = YES_AGGRESSIVE;
				CLANG_CXX_LANGUAGE_STANDARD = "gnu++14";
				CLANG_CXX_LIBRARY = "libc++";
				CLANG_ENABLE_MODULES = YES;
				CLANG_ENABLE_OBJC_ARC = YES;
				CLANG_ENABLE_OBJC_WEAK = YES;
				CLANG_WARN_BLOCK_CAPTURE_AUTORELEASING = YES;
				CLANG_WARN_BOOL_CONVERSION = YES;
				CLANG_WARN_COMMA = YES;
				CLANG_WARN_CONSTANT_CONVERSION = YES;
				CLANG_WARN_DEPRECATED_OBJC_IMPLEMENTATIONS = YES;
				CLANG_WARN_DIRECT_OBJC_ISA_USAGE = YES_ERROR;
				CLANG_WARN_DOCUMENTATION_COMMENTS = YES;
				CLANG_WARN_EMPTY_BODY = YES;
				CLANG_WARN_ENUM_CONVERSION = YES;
				CLANG_WARN_INFINITE_RECURSION = YES;
				CLANG_WARN_INT_CONVERSION = YES;
				CLANG_WARN_NON_LITERAL_NULL_CONVERSION = YES;
				CLANG_WARN_OBJC_IMPLICIT_RETAIN_SELF = YES;
				CLANG_WARN_OBJC_LITERAL_CONVERSION = YES;
				CLANG_WARN_OBJC_ROOT_CLASS = YES_ERROR;
				CLANG_WARN_RANGE_LOOP_ANALYSIS = YES;
				CLANG_WARN_STRICT_PROTOTYPES = YES;
				CLANG_WARN_SUSPICIOUS_MOVE = YES;
				CLANG_WARN_UNGUARDED_AVAILABILITY = YES_AGGRESSIVE;
				CLANG_WARN_UNREACHABLE_CODE = YES;
				CLANG_WARN__DUPLICATE_METHOD_MATCH = YES;
				COPY_PHASE_STRIP = NO;
				DEBUG_INFORMATION_FORMAT = dwarf;
				ENABLE_STRICT_OBJC_MSGSEND = YES;
				ENABLE_TESTABILITY = YES;
				GCC_C_LANGUAGE_STANDARD = gnu11;
				GCC_DYNAMIC_NO_PIC = NO;
				GCC_NO_COMMON_BLOCKS = YES;
				GCC_OPTIMIZATION_LEVEL = 0;
				GCC_PREPROCESSOR_DEFINITIONS = (
					"DEBUG=1",
					"$(inherited)",
				);
				GCC_WARN_64_TO_32_BIT_CONVERSION = YES;
				GCC_WARN_ABOUT_RETURN_TYPE = YES_ERROR;
				GCC_WARN_UNDECLARED_SELECTOR = YES;
				GCC_WARN_UNINITIALIZED_AUTOS = YES_AGGRESSIVE;
				GCC_WARN_UNUSED_FUNCTION = YES;
				GCC_WARN_UNUSED_VARIABLE = YES;
				MACOSX_DEPLOYMENT_TARGET = 10.15;
				MTL_ENABLE_DEBUG_INFO = INCLUDE_SOURCE;
				MTL_FAST_MATH = YES;
				ONLY_ACTIVE_ARCH = YES;
				SDKROOT = macosx;
			};
			name = Debug;
		};
		C52A33AC23D3C8740005BB73 /* Release */ = {
			isa = XCBuildConfiguration;
			buildSettings = {
				ALWAYS_SEARCH_USER_PATHS = NO;
				CLANG_ANALYZER_NONNULL = YES;
				CLANG_ANALYZER_NUMBER_OBJECT_CONVERSION = YES_AGGRESSIVE;
				CLANG_CXX_LANGUAGE_STANDARD = "gnu++14";
				CLANG_CXX_LIBRARY = "libc++";
				CLANG_ENABLE_MODULES = YES;
				CLANG_ENABLE_OBJC_ARC = YES;
				CLANG_ENABLE_OBJC_WEAK = YES;
				CLANG_WARN_BLOCK_CAPTURE_AUTORELEASING = YES;
				CLANG_WARN_BOOL_CONVERSION = YES;
				CLANG_WARN_COMMA = YES;
				CLANG_WARN_CONSTANT_CONVERSION = YES;
				CLANG_WARN_DEPRECATED_OBJC_IMPLEMENTATIONS = YES;
				CLANG_WARN_DIRECT_OBJC_ISA_USAGE = YES_ERROR;
				CLANG_WARN_DOCUMENTATION_COMMENTS = YES;
				CLANG_WARN_EMPTY_BODY = YES;
				CLANG_WARN_ENUM_CONVERSION = YES;
				CLANG_WARN_INFINITE_RECURSION = YES;
				CLANG_WARN_INT_CONVERSION = YES;
				CLANG_WARN_NON_LITERAL_NULL_CONVERSION = YES;
				CLANG_WARN_OBJC_IMPLICIT_RETAIN_SELF = YES;
				CLANG_WARN_OBJC_LITERAL_CONVERSION = YES;
				CLANG_WARN_OBJC_ROOT_CLASS = YES_ERROR;
				CLANG_WARN_RANGE_LOOP_ANALYSIS = YES;
				CLANG_WARN_STRICT_PROTOTYPES = YES;
				CLANG_WARN_SUSPICIOUS_MOVE = YES;
				CLANG_WARN_UNGUARDED_AVAILABILITY = YES_AGGRESSIVE;
				CLANG_WARN_UNREACHABLE_CODE = YES;
				CLANG_WARN__DUPLICATE_METHOD_MATCH = YES;
				COPY_PHASE_STRIP = NO;
				DEBUG_INFORMATION_FORMAT = "dwarf-with-dsym";
				ENABLE_NS_ASSERTIONS = NO;
				ENABLE_STRICT_OBJC_MSGSEND = YES;
				GCC_C_LANGUAGE_STANDARD = gnu11;
				GCC_NO_COMMON_BLOCKS = YES;
				GCC_WARN_64_TO_32_BIT_CONVERSION = YES;
				GCC_WARN_ABOUT_RETURN_TYPE = YES_ERROR;
				GCC_WARN_UNDECLARED_SELECTOR = YES;
				GCC_WARN_UNINITIALIZED_AUTOS = YES_AGGRESSIVE;
				GCC_WARN_UNUSED_FUNCTION = YES;
				GCC_WARN_UNUSED_VARIABLE = YES;
				MACOSX_DEPLOYMENT_TARGET = 10.15;
				MTL_ENABLE_DEBUG_INFO = NO;
				MTL_FAST_MATH = YES;
				SDKROOT = macosx;
			};
			name = Release;
		};
		C52A33AE23D3C8740005BB73 /* Debug */ = {
			isa = XCBuildConfiguration;
			buildSettings = {
				CODE_SIGN_STYLE = Automatic;
				PRODUCT_NAME = "$(TARGET_NAME)";
			};
			name = Debug;
		};
		C52A33AF23D3C8740005BB73 /* Release */ = {
			isa = XCBuildConfiguration;
			buildSettings = {
				CODE_SIGN_STYLE = Automatic;
				PRODUCT_NAME = "$(TARGET_NAME)";
			};
			name = Release;
		};
/* End XCBuildConfiguration section */

/* Begin XCConfigurationList section */
		C52A33A123D3C8740005BB73 /* Build configuration list for PBXProject "PostCalculator" */ = {
			isa = XCConfigurationList;
			buildConfigurations = (
				C52A33AB23D3C8740005BB73 /* Debug */,
				C52A33AC23D3C8740005BB73 /* Release */,
			);
			defaultConfigurationIsVisible = 0;
			defaultConfigurationName = Release;
		};
		C52A33AD23D3C8740005BB73 /* Build configuration list for PBXNativeTarget "PostCalculator" */ = {
			isa = XCConfigurationList;
			buildConfigurations = (
				C52A33AE23D3C8740005BB73 /* Debug */,
				C52A33AF23D3C8740005BB73 /* Release */,
			);
			defaultConfigurationIsVisible = 0;
			defaultConfigurationName = Release;
		};
/* End XCConfigurationList section */
	};
	rootObject = C52A339E23D3C8740005BB73 /* Project object */;
}
