// !$*UTF8*$!
{
	archiveVersion = 1;
	classes = {
	};
	objectVersion = 50;
	objects = {

/* Begin PBXBuildFile section */
		C52A339123D1F48D0005BB73 /* main.c in Sources */ = {isa = PBXBuildFile; fileRef = C52A339023D1F48D0005BB73 /* main.c */; };
		C52A339923D1F4B60005BB73 /* InFixToPostfix.c in Sources */ = {isa = PBXBuildFile; fileRef = C52A339823D1F4B60005BB73 /* InFixToPostfix.c */; };
		C52A339C23D1F4D20005BB73 /* ListBaseStack.c in Sources */ = {isa = PBXBuildFile; fileRef = C52A339B23D1F4D20005BB73 /* ListBaseStack.c */; };
/* End PBXBuildFile section */

/* Begin PBXCopyFilesBuildPhase section */
		C52A338B23D1F48D0005BB73 /* CopyFiles */ = {
			isa = PBXCopyFilesBuildPhase;
			buildActionMask = 2147483647;
			dstPath = /usr/share/man/man1/;
			dstSubfolderSpec = 0;
			files = (
			);
			runOnlyForDeploymentPostprocessing = 1;
		};
/* End PBXCopyFilesBuildPhase section */

/* Begin PBXFileReference section */
		C52A338D23D1F48D0005BB73 /* InFixToPostfix */ = {isa = PBXFileReference; explicitFileType = "compiled.mach-o.executable"; includeInIndex = 0; path = InFixToPostfix; sourceTree = BUILT_PRODUCTS_DIR; };
		C52A339023D1F48D0005BB73 /* main.c */ = {isa = PBXFileReference; lastKnownFileType = sourcecode.c.c; path = main.c; sourceTree = "<group>"; };
		C52A339723D1F4B60005BB73 /* InFixToPostfix.h */ = {isa = PBXFileReference; lastKnownFileType = sourcecode.c.h; path = InFixToPostfix.h; sourceTree = "<group>"; };
		C52A339823D1F4B60005BB73 /* InFixToPostfix.c */ = {isa = PBXFileReference; lastKnownFileType = sourcecode.c.c; path = InFixToPostfix.c; sourceTree = "<group>"; };
		C52A339A23D1F4D20005BB73 /* ListBaseStack.h */ = {isa = PBXFileReference; lastKnownFileType = sourcecode.c.h; path = ListBaseStack.h; sourceTree = "<group>"; };
		C52A339B23D1F4D20005BB73 /* ListBaseStack.c */ = {isa = PBXFileReference; lastKnownFileType = sourcecode.c.c; path = ListBaseStack.c; sourceTree = "<group>"; };
/* End PBXFileReference section */

/* Begin PBXFrameworksBuildPhase section */
		C52A338A23D1F48D0005BB73 /* Frameworks */ = {
			isa = PBXFrameworksBuildPhase;
			buildActionMask = 2147483647;
			files = (
			);
			runOnlyForDeploymentPostprocessing = 0;
		};
/* End PBXFrameworksBuildPhase section */

/* Begin PBXGroup section */
		C52A338423D1F48D0005BB73 = {
			isa = PBXGroup;
			children = (
				C52A338F23D1F48D0005BB73 /* InFixToPostfix */,
				C52A338E23D1F48D0005BB73 /* Products */,
			);
			sourceTree = "<group>";
		};
		C52A338E23D1F48D0005BB73 /* Products */ = {
			isa = PBXGroup;
			children = (
				C52A338D23D1F48D0005BB73 /* InFixToPostfix */,
			);
			name = Products;
			sourceTree = "<group>";
		};
		C52A338F23D1F48D0005BB73 /* InFixToPostfix */ = {
			isa = PBXGroup;
			children = (
				C52A339023D1F48D0005BB73 /* main.c */,
				C52A339723D1F4B60005BB73 /* InFixToPostfix.h */,
				C52A339823D1F4B60005BB73 /* InFixToPostfix.c */,
				C52A339A23D1F4D20005BB73 /* ListBaseStack.h */,
				C52A339B23D1F4D20005BB73 /* ListBaseStack.c */,
			);
			path = InFixToPostfix;
			sourceTree = "<group>";
		};
/* End PBXGroup section */

/* Begin PBXNativeTarget section */
		C52A338C23D1F48D0005BB73 /* InFixToPostfix */ = {
			isa = PBXNativeTarget;
			buildConfigurationList = C52A339423D1F48D0005BB73 /* Build configuration list for PBXNativeTarget "InFixToPostfix" */;
			buildPhases = (
				C52A338923D1F48D0005BB73 /* Sources */,
				C52A338A23D1F48D0005BB73 /* Frameworks */,
				C52A338B23D1F48D0005BB73 /* CopyFiles */,
			);
			buildRules = (
			);
			dependencies = (
			);
			name = InFixToPostfix;
			productName = InFixToPostfix;
			productReference = C52A338D23D1F48D0005BB73 /* InFixToPostfix */;
			productType = "com.apple.product-type.tool";
		};
/* End PBXNativeTarget section */

/* Begin PBXProject section */
		C52A338523D1F48D0005BB73 /* Project object */ = {
			isa = PBXProject;
			attributes = {
				LastUpgradeCheck = 1130;
				ORGANIZATIONNAME = "JIN YOUNG PARK";
				TargetAttributes = {
					C52A338C23D1F48D0005BB73 = {
						CreatedOnToolsVersion = 11.3.1;
					};
				};
			};
			buildConfigurationList = C52A338823D1F48D0005BB73 /* Build configuration list for PBXProject "InFixToPostfix" */;
			compatibilityVersion = "Xcode 9.3";
			developmentRegion = en;
			hasScannedForEncodings = 0;
			knownRegions = (
				en,
				Base,
			);
			mainGroup = C52A338423D1F48D0005BB73;
			productRefGroup = C52A338E23D1F48D0005BB73 /* Products */;
			projectDirPath = "";
			projectRoot = "";
			targets = (
				C52A338C23D1F48D0005BB73 /* InFixToPostfix */,
			);
		};
/* End PBXProject section */

/* Begin PBXSourcesBuildPhase section */
		C52A338923D1F48D0005BB73 /* Sources */ = {
			isa = PBXSourcesBuildPhase;
			buildActionMask = 2147483647;
			files = (
				C52A339123D1F48D0005BB73 /* main.c in Sources */,
				C52A339923D1F4B60005BB73 /* InFixToPostfix.c in Sources */,
				C52A339C23D1F4D20005BB73 /* ListBaseStack.c in Sources */,
			);
			runOnlyForDeploymentPostprocessing = 0;
		};
/* End PBXSourcesBuildPhase section */

/* Begin XCBuildConfiguration section */
		C52A339223D1F48D0005BB73 /* Debug */ = {
			isa = XCBuildConfiguration;
			buildSettings = {
				ALWAYS_SEARCH_USER_PATHS = NO;
				CLANG_ANALYZER_NONNULL = YES;
				CLANG_ANALYZER_NUMBER_OBJECT_CONVERSION = YES_AGGRESSIVE;
				CLANG_CXX_LANGUAGE_STANDARD = "gnu++14";
				CLANG_CXX_LIBRARY = "libc++";
				CLANG_ENABLE_MODULES = YES;
				CLANG_ENABLE_OBJC_ARC = YES;
				CLANG_ENABLE_OBJC_WEAK = YES;
				CLANG_WARN_BLOCK_CAPTURE_AUTORELEASING = YES;
				CLANG_WARN_BOOL_CONVERSION = YES;
				CLANG_WARN_COMMA = YES;
				CLANG_WARN_CONSTANT_CONVERSION = YES;
				CLANG_WARN_DEPRECATED_OBJC_IMPLEMENTATIONS = YES;
				CLANG_WARN_DIRECT_OBJC_ISA_USAGE = YES_ERROR;
				CLANG_WARN_DOCUMENTATION_COMMENTS = YES;
				CLANG_WARN_EMPTY_BODY = YES;
				CLANG_WARN_ENUM_CONVERSION = YES;
				CLANG_WARN_INFINITE_RECURSION = YES;
				CLANG_WARN_INT_CONVERSION = YES;
				CLANG_WARN_NON_LITERAL_NULL_CONVERSION = YES;
				CLANG_WARN_OBJC_IMPLICIT_RETAIN_SELF = YES;
				CLANG_WARN_OBJC_LITERAL_CONVERSION = YES;
				CLANG_WARN_OBJC_ROOT_CLASS = YES_ERROR;
				CLANG_WARN_RANGE_LOOP_ANALYSIS = YES;
				CLANG_WARN_STRICT_PROTOTYPES = YES;
				CLANG_WARN_SUSPICIOUS_MOVE = YES;
				CLANG_WARN_UNGUARDED_AVAILABILITY = YES_AGGRESSIVE;
				CLANG_WARN_UNREACHABLE_CODE = YES;
				CLANG_WARN__DUPLICATE_METHOD_MATCH = YES;
				COPY_PHASE_STRIP = NO;
				DEBUG_INFORMATION_FORMAT = dwarf;
				ENABLE_STRICT_OBJC_MSGSEND = YES;
				ENABLE_TESTABILITY = YES;
				GCC_C_LANGUAGE_STANDARD = gnu11;
				GCC_DYNAMIC_NO_PIC = NO;
				GCC_NO_COMMON_BLOCKS = YES;
				GCC_OPTIMIZATION_LEVEL = 0;
				GCC_PREPROCESSOR_DEFINITIONS = (
					"DEBUG=1",
					"$(inherited)",
				);
				GCC_WARN_64_TO_32_BIT_CONVERSION = YES;
				GCC_WARN_ABOUT_RETURN_TYPE = YES_ERROR;
				GCC_WARN_UNDECLARED_SELECTOR = YES;
				GCC_WARN_UNINITIALIZED_AUTOS = YES_AGGRESSIVE;
				GCC_WARN_UNUSED_FUNCTION = YES;
				GCC_WARN_UNUSED_VARIABLE = YES;
				MACOSX_DEPLOYMENT_TARGET = 10.15;
				MTL_ENABLE_DEBUG_INFO = INCLUDE_SOURCE;
				MTL_FAST_MATH = YES;
				ONLY_ACTIVE_ARCH = YES;
				SDKROOT = macosx;
			};
			name = Debug;
		};
		C52A339323D1F48D0005BB73 /* Release */ = {
			isa = XCBuildConfiguration;
			buildSettings = {
				ALWAYS_SEARCH_USER_PATHS = NO;
				CLANG_ANALYZER_NONNULL = YES;
				CLANG_ANALYZER_NUMBER_OBJECT_CONVERSION = YES_AGGRESSIVE;
				CLANG_CXX_LANGUAGE_STANDARD = "gnu++14";
				CLANG_CXX_LIBRARY = "libc++";
				CLANG_ENABLE_MODULES = YES;
				CLANG_ENABLE_OBJC_ARC = YES;
				CLANG_ENABLE_OBJC_WEAK = YES;
				CLANG_WARN_BLOCK_CAPTURE_AUTORELEASING = YES;
				CLANG_WARN_BOOL_CONVERSION = YES;
				CLANG_WARN_COMMA = YES;
				CLANG_WARN_CONSTANT_CONVERSION = YES;
				CLANG_WARN_DEPRECATED_OBJC_IMPLEMENTATIONS = YES;
				CLANG_WARN_DIRECT_OBJC_ISA_USAGE = YES_ERROR;
				CLANG_WARN_DOCUMENTATION_COMMENTS = YES;
				CLANG_WARN_EMPTY_BODY = YES;
				CLANG_WARN_ENUM_CONVERSION = YES;
				CLANG_WARN_INFINITE_RECURSION = YES;
				CLANG_WARN_INT_CONVERSION = YES;
				CLANG_WARN_NON_LITERAL_NULL_CONVERSION = YES;
				CLANG_WARN_OBJC_IMPLICIT_RETAIN_SELF = YES;
				CLANG_WARN_OBJC_LITERAL_CONVERSION = YES;
				CLANG_WARN_OBJC_ROOT_CLASS = YES_ERROR;
				CLANG_WARN_RANGE_LOOP_ANALYSIS = YES;
				CLANG_WARN_STRICT_PROTOTYPES = YES;
				CLANG_WARN_SUSPICIOUS_MOVE = YES;
				CLANG_WARN_UNGUARDED_AVAILABILITY = YES_AGGRESSIVE;
				CLANG_WARN_UNREACHABLE_CODE = YES;
				CLANG_WARN__DUPLICATE_METHOD_MATCH = YES;
				COPY_PHASE_STRIP = NO;
				DEBUG_INFORMATION_FORMAT = "dwarf-with-dsym";
				ENABLE_NS_ASSERTIONS = NO;
				ENABLE_STRICT_OBJC_MSGSEND = YES;
				GCC_C_LANGUAGE_STANDARD = gnu11;
				GCC_NO_COMMON_BLOCKS = YES;
				GCC_WARN_64_TO_32_BIT_CONVERSION = YES;
				GCC_WARN_ABOUT_RETURN_TYPE = YES_ERROR;
				GCC_WARN_UNDECLARED_SELECTOR = YES;
				GCC_WARN_UNINITIALIZED_AUTOS = YES_AGGRESSIVE;
				GCC_WARN_UNUSED_FUNCTION = YES;
				GCC_WARN_UNUSED_VARIABLE = YES;
				MACOSX_DEPLOYMENT_TARGET = 10.15;
				MTL_ENABLE_DEBUG_INFO = NO;
				MTL_FAST_MATH = YES;
				SDKROOT = macosx;
			};
			name = Release;
		};
		C52A339523D1F48D0005BB73 /* Debug */ = {
			isa = XCBuildConfiguration;
			buildSettings = {
				CODE_SIGN_STYLE = Automatic;
				PRODUCT_NAME = "$(TARGET_NAME)";
			};
			name = Debug;
		};
		C52A339623D1F48D0005BB73 /* Release */ = {
			isa = XCBuildConfiguration;
			buildSettings = {
				CODE_SIGN_STYLE = Automatic;
				PRODUCT_NAME = "$(TARGET_NAME)";
			};
			name = Release;
		};
/* End XCBuildConfiguration section */

/* Begin XCConfigurationList section */
		C52A338823D1F48D0005BB73 /* Build configuration list for PBXProject "InFixToPostfix" */ = {
			isa = XCConfigurationList;
			buildConfigurations = (
				C52A339223D1F48D0005BB73 /* Debug */,
				C52A339323D1F48D0005BB73 /* Release */,
			);
			defaultConfigurationIsVisible = 0;
			defaultConfigurationName = Release;
		};
		C52A339423D1F48D0005BB73 /* Build configuration list for PBXNativeTarget "InFixToPostfix" */ = {
			isa = XCConfigurationList;
			buildConfigurations = (
				C52A339523D1F48D0005BB73 /* Debug */,
				C52A339623D1F48D0005BB73 /* Release */,
			);
			defaultConfigurationIsVisible = 0;
			defaultConfigurationName = Release;
		};
/* End XCConfigurationList section */
	};
	rootObject = C52A338523D1F48D0005BB73 /* Project object */;
}
